
Microsoft Visual Studio Solution File, Format Version 12.00
# Visual Studio Version 16
VisualStudioVersion = 16.0.31911.196
MinimumVisualStudioVersion = 10.0.40219.1
Project("{FAE04EC0-301F-11D3-BF4B-00C04F79EFBC}") = "MyWebAPI", "MyWebAPI.csproj", "{5B7EEE0A-9DA6-4E3B-AF7E-D09E2B7BDFAC}"
EndProject
Global
	GlobalSection(SolutionConfigurationPlatforms) = preSolution
		Debug|Any CPU = Debug|Any CPU
		Release|Any CPU = Release|Any CPU
	EndGlobalSection
	GlobalSection(ProjectConfigurationPlatforms) = postSolution
		{5B7EEE0A-9DA6-4E3B-AF7E-D09E2B7BDFAC}.Debug|Any CPU.ActiveCfg = Debug|Any CPU
		{5B7EEE0A-9DA6-4E3B-AF7E-D09E2B7BDFAC}.Debug|Any CPU.Build.0 = Debug|Any CPU
		{5B7EEE0A-9DA6-4E3B-AF7E-D09E2B7BDFAC}.Release|Any CPU.ActiveCfg = Release|Any CPU
		{5B7EEE0A-9DA6-4E3B-AF7E-D09E2B7BDFAC}.Release|Any CPU.Build.0 = Release|Any CPU
	EndGlobalSection
	GlobalSection(SolutionProperties) = preSolution
		HideSolutionNode = FALSE
	EndGlobalSection
	GlobalSection(ExtensibilityGlobals) = postSolution
		SolutionGuid = {DC23EF5D-4618-4CBF-A65E-A96293EE3C81}
	EndGlobalSection
EndGlobal
